
Microsoft Visual Studio Solution File, Format Version 12.00
# Visual Studio 15
Project("{FAE04EC0-301F-11D3-BF4B-00C04F79EFBC}") = "Assembly-CSharp", "Assembly-CSharp.csproj", "{D4EA77AC-E191-F05E-2766-45365CA73769}"
EndProject
Project("{FAE04EC0-301F-11D3-BF4B-00C04F79EFBC}") = "Assembly-CSharp-Editor", "Assembly-CSharp-Editor.csproj", "{5033FD8C-2E3C-0C9D-D066-15C36B01BAD5}"
EndProject
Global
	GlobalSection(SolutionConfigurationPlatforms) = preSolution
		Debug|Any CPU = Debug|Any CPU
		Release|Any CPU = Release|Any CPU
	EndGlobalSection
	GlobalSection(ProjectConfigurationPlatforms) = postSolution
		{D4EA77AC-E191-F05E-2766-45365CA73769}.Debug|Any CPU.ActiveCfg = Debug|Any CPU
		{D4EA77AC-E191-F05E-2766-45365CA73769}.Debug|Any CPU.Build.0 = Debug|Any CPU
		{D4EA77AC-E191-F05E-2766-45365CA73769}.Release|Any CPU.ActiveCfg = Release|Any CPU
		{D4EA77AC-E191-F05E-2766-45365CA73769}.Release|Any CPU.Build.0 = Release|Any CPU
		{5033FD8C-2E3C-0C9D-D066-15C36B01BAD5}.Debug|Any CPU.ActiveCfg = Debug|Any CPU
		{5033FD8C-2E3C-0C9D-D066-15C36B01BAD5}.Debug|Any CPU.Build.0 = Debug|Any CPU
		{5033FD8C-2E3C-0C9D-D066-15C36B01BAD5}.Release|Any CPU.ActiveCfg = Release|Any CPU
		{5033FD8C-2E3C-0C9D-D066-15C36B01BAD5}.Release|Any CPU.Build.0 = Release|Any CPU
	EndGlobalSection
	GlobalSection(SolutionProperties) = preSolution
		HideSolutionNode = FALSE
	EndGlobalSection
	GlobalSection(MonoDevelopProperties) = preSolution
		StartupItem = Assembly-CSharp.csproj
	EndGlobalSection
EndGlobal
